Microsoft Visual Studio Solution File, Format Version 11.00
# Visual Studio 2008

Project("{47C77609-F27D-CE17-FBD6-DA09F7187130}") = "SDUnityChan", "Assembly-CSharp.csproj", "{A6966FB3-00C3-ACDF-493A-D9A9EA7CBFAC}"
EndProject
Project("{47C77609-F27D-CE17-FBD6-DA09F7187130}") = "SDUnityChan", "Assembly-CSharp-Editor.csproj", "{B7F0DE9C-B750-3F3D-781B-7C4ACECC31AE}"
EndProject
Global
	GlobalSection(SolutionConfigurationPlatforms) = preSolution
		Debug|Any CPU = Debug|Any CPU
		Release|Any CPU = Release|Any CPU
	EndGlobalSection
	GlobalSection(ProjectConfigurationPlatforms) = postSolution
		{A6966FB3-00C3-ACDF-493A-D9A9EA7CBFAC}.Debug|Any CPU.ActiveCfg = Debug|Any CPU
		{A6966FB3-00C3-ACDF-493A-D9A9EA7CBFAC}.Debug|Any CPU.Build.0 = Debug|Any CPU
		{A6966FB3-00C3-ACDF-493A-D9A9EA7CBFAC}.Release|Any CPU.ActiveCfg = Release|Any CPU
		{A6966FB3-00C3-ACDF-493A-D9A9EA7CBFAC}.Release|Any CPU.Build.0 = Release|Any CPU
		{B7F0DE9C-B750-3F3D-781B-7C4ACECC31AE}.Debug|Any CPU.ActiveCfg = Debug|Any CPU
		{B7F0DE9C-B750-3F3D-781B-7C4ACECC31AE}.Debug|Any CPU.Build.0 = Debug|Any CPU
		{B7F0DE9C-B750-3F3D-781B-7C4ACECC31AE}.Release|Any CPU.ActiveCfg = Release|Any CPU
		{B7F0DE9C-B750-3F3D-781B-7C4ACECC31AE}.Release|Any CPU.Build.0 = Release|Any CPU
	EndGlobalSection
	GlobalSection(SolutionProperties) = preSolution
		HideSolutionNode = FALSE
	EndGlobalSection
	GlobalSection(MonoDevelopProperties) = preSolution
		StartupItem = Assembly-CSharp.csproj
	EndGlobalSection
EndGlobal
